// !$*UTF8*$!
{
	archiveVersion = 1;
	classes = {
	};
	objectVersion = 55;
	objects = {

/* Begin PBXBuildFile section */
		4761A6E02B857D6400F9EFC2 /* SimulacaoInvestimento.swift in Sources */ = {isa = PBXBuildFile; fileRef = 4761A6DF2B857D6400F9EFC2 /* SimulacaoInvestimento.swift */; };
		4761A6E32B85879800F9EFC2 /* Erros.swift in Sources */ = {isa = PBXBuildFile; fileRef = 4761A6E22B85879800F9EFC2 /* Erros.swift */; };
		476254E12B9AA70F00626520 /* Frame.swift in Sources */ = {isa = PBXBuildFile; fileRef = 476254E02B9AA70F00626520 /* Frame.swift */; };
		476254E32B9AA95F00626520 /* CustomTextView.swift in Sources */ = {isa = PBXBuildFile; fileRef = 476254E22B9AA95F00626520 /* CustomTextView.swift */; };
		476E5EF72B97F95A004A8DC7 /* CircularButton.swift in Sources */ = {isa = PBXBuildFile; fileRef = 476E5EF62B97F95A004A8DC7 /* CircularButton.swift */; };
		4770CEB62BFA5D6B00043B04 /* CDIProtocol.swift in Sources */ = {isa = PBXBuildFile; fileRef = 4770CEB52BFA5D6B00043B04 /* CDIProtocol.swift */; };
		4770CEB92BFA5DE000043B04 /* CDIService.swift in Sources */ = {isa = PBXBuildFile; fileRef = 4770CEB82BFA5DE000043B04 /* CDIService.swift */; };
		478644062B730A8E00548B4A /* CalculoViewController.swift in Sources */ = {isa = PBXBuildFile; fileRef = 478644052B730A8D00548B4A /* CalculoViewController.swift */; };
		478644082B730C1200548B4A /* HttpHelper.swift in Sources */ = {isa = PBXBuildFile; fileRef = 478644072B730C1200548B4A /* HttpHelper.swift */; };
		4786440A2B730E8400548B4A /* ResponseData.swift in Sources */ = {isa = PBXBuildFile; fileRef = 478644092B730E8400548B4A /* ResponseData.swift */; };
		4786440C2B730F1200548B4A /* Results.swift in Sources */ = {isa = PBXBuildFile; fileRef = 4786440B2B730F1200548B4A /* Results.swift */; };
		47865EEF2B69D4C700EF84A9 /* ResultadoController.swift in Sources */ = {isa = PBXBuildFile; fileRef = 47865EEE2B69D4C700EF84A9 /* ResultadoController.swift */; };
		478DE7802B609A2A000544C9 /* AppDelegate.swift in Sources */ = {isa = PBXBuildFile; fileRef = 478DE77F2B609A2A000544C9 /* AppDelegate.swift */; };
		478DE7822B609A2A000544C9 /* SceneDelegate.swift in Sources */ = {isa = PBXBuildFile; fileRef = 478DE7812B609A2A000544C9 /* SceneDelegate.swift */; };
		478DE7842B609A2A000544C9 /* ViewController.swift in Sources */ = {isa = PBXBuildFile; fileRef = 478DE7832B609A2A000544C9 /* ViewController.swift */; };
		478DE7872B609A2A000544C9 /* Main.storyboard in Resources */ = {isa = PBXBuildFile; fileRef = 478DE7852B609A2A000544C9 /* Main.storyboard */; };
		478DE7892B609A2E000544C9 /* Assets.xcassets in Resources */ = {isa = PBXBuildFile; fileRef = 478DE7882B609A2E000544C9 /* Assets.xcassets */; };
		478DE78C2B609A2E000544C9 /* LaunchScreen.storyboard in Resources */ = {isa = PBXBuildFile; fileRef = 478DE78A2B609A2E000544C9 /* LaunchScreen.storyboard */; };
		47C837962C06BAE6001E2C33 /* CustomPageControl.swift in Sources */ = {isa = PBXBuildFile; fileRef = 47C837952C06BAE6001E2C33 /* CustomPageControl.swift */; };
/* End PBXBuildFile section */

/* Begin PBXFileReference section */
		4761A6DF2B857D6400F9EFC2 /* SimulacaoInvestimento.swift */ = {isa = PBXFileReference; lastKnownFileType = sourcecode.swift; path = SimulacaoInvestimento.swift; sourceTree = "<group>"; };
		4761A6E22B85879800F9EFC2 /* Erros.swift */ = {isa = PBXFileReference; lastKnownFileType = sourcecode.swift; path = Erros.swift; sourceTree = "<group>"; };
		476254E02B9AA70F00626520 /* Frame.swift */ = {isa = PBXFileReference; lastKnownFileType = sourcecode.swift; path = Frame.swift; sourceTree = "<group>"; };
		476254E22B9AA95F00626520 /* CustomTextView.swift */ = {isa = PBXFileReference; lastKnownFileType = sourcecode.swift; path = CustomTextView.swift; sourceTree = "<group>"; };
		476E5EF62B97F95A004A8DC7 /* CircularButton.swift */ = {isa = PBXFileReference; lastKnownFileType = sourcecode.swift; path = CircularButton.swift; sourceTree = "<group>"; };
		4770CEB52BFA5D6B00043B04 /* CDIProtocol.swift */ = {isa = PBXFileReference; lastKnownFileType = sourcecode.swift; path = CDIProtocol.swift; sourceTree = "<group>"; };
		4770CEB82BFA5DE000043B04 /* CDIService.swift */ = {isa = PBXFileReference; lastKnownFileType = sourcecode.swift; path = CDIService.swift; sourceTree = "<group>"; };
		478644052B730A8D00548B4A /* CalculoViewController.swift */ = {isa = PBXFileReference; lastKnownFileType = sourcecode.swift; path = CalculoViewController.swift; sourceTree = "<group>"; };
		478644072B730C1200548B4A /* HttpHelper.swift */ = {isa = PBXFileReference; lastKnownFileType = sourcecode.swift; path = HttpHelper.swift; sourceTree = "<group>"; };
		478644092B730E8400548B4A /* ResponseData.swift */ = {isa = PBXFileReference; lastKnownFileType = sourcecode.swift; path = ResponseData.swift; sourceTree = "<group>"; };
		4786440B2B730F1200548B4A /* Results.swift */ = {isa = PBXFileReference; lastKnownFileType = sourcecode.swift; path = Results.swift; sourceTree = "<group>"; };
		47865EEE2B69D4C700EF84A9 /* ResultadoController.swift */ = {isa = PBXFileReference; lastKnownFileType = sourcecode.swift; path = ResultadoController.swift; sourceTree = "<group>"; };
		478DE77C2B609A2A000544C9 /* calculadorarendafixa.app */ = {isa = PBXFileReference; explicitFileType = wrapper.application; includeInIndex = 0; path = calculadorarendafixa.app; sourceTree = BUILT_PRODUCTS_DIR; };
		478DE77F2B609A2A000544C9 /* AppDelegate.swift */ = {isa = PBXFileReference; lastKnownFileType = sourcecode.swift; path = AppDelegate.swift; sourceTree = "<group>"; };
		478DE7812B609A2A000544C9 /* SceneDelegate.swift */ = {isa = PBXFileReference; lastKnownFileType = sourcecode.swift; path = SceneDelegate.swift; sourceTree = "<group>"; };
		478DE7832B609A2A000544C9 /* ViewController.swift */ = {isa = PBXFileReference; lastKnownFileType = sourcecode.swift; path = ViewController.swift; sourceTree = "<group>"; };
		478DE7862B609A2A000544C9 /* Base */ = {isa = PBXFileReference; lastKnownFileType = file.storyboard; name = Base; path = Base.lproj/Main.storyboard; sourceTree = "<group>"; };
		478DE7882B609A2E000544C9 /* Assets.xcassets */ = {isa = PBXFileReference; lastKnownFileType = folder.assetcatalog; path = Assets.xcassets; sourceTree = "<group>"; };
		478DE78B2B609A2E000544C9 /* Base */ = {isa = PBXFileReference; lastKnownFileType = file.storyboard; name = Base; path = Base.lproj/LaunchScreen.storyboard; sourceTree = "<group>"; };
		478DE78D2B609A2E000544C9 /* Info.plist */ = {isa = PBXFileReference; lastKnownFileType = text.plist.xml; path = Info.plist; sourceTree = "<group>"; };
		47C837952C06BAE6001E2C33 /* CustomPageControl.swift */ = {isa = PBXFileReference; lastKnownFileType = sourcecode.swift; path = CustomPageControl.swift; sourceTree = "<group>"; };
/* End PBXFileReference section */

/* Begin PBXFrameworksBuildPhase section */
		478DE7792B609A2A000544C9 /* Frameworks */ = {
			isa = PBXFrameworksBuildPhase;
			buildActionMask = 2147483647;
			files = (
			);
			runOnlyForDeploymentPostprocessing = 0;
		};
/* End PBXFrameworksBuildPhase section */

/* Begin PBXGroup section */
		4761A6E12B85877500F9EFC2 /* Enums */ = {
			isa = PBXGroup;
			children = (
				4761A6E22B85879800F9EFC2 /* Erros.swift */,
			);
			path = Enums;
			sourceTree = "<group>";
		};
		476E5EF52B97F917004A8DC7 /* Controls */ = {
			isa = PBXGroup;
			children = (
				476E5EF62B97F95A004A8DC7 /* CircularButton.swift */,
				476254E02B9AA70F00626520 /* Frame.swift */,
				476254E22B9AA95F00626520 /* CustomTextView.swift */,
				47C837952C06BAE6001E2C33 /* CustomPageControl.swift */,
			);
			path = Controls;
			sourceTree = "<group>";
		};
		4770CEB42BFA5D1B00043B04 /* Protocols */ = {
			isa = PBXGroup;
			children = (
				4770CEB52BFA5D6B00043B04 /* CDIProtocol.swift */,
			);
			path = Protocols;
			sourceTree = "<group>";
		};
		4770CEB72BFA5DC400043B04 /* Services */ = {
			isa = PBXGroup;
			children = (
				4770CEB42BFA5D1B00043B04 /* Protocols */,
				4770CEB82BFA5DE000043B04 /* CDIService.swift */,
			);
			path = Services;
			sourceTree = "<group>";
		};
		478DE7732B609A2A000544C9 = {
			isa = PBXGroup;
			children = (
				478DE77E2B609A2A000544C9 /* calculadorarendafixa */,
				478DE77D2B609A2A000544C9 /* Products */,
			);
			sourceTree = "<group>";
		};
		478DE77D2B609A2A000544C9 /* Products */ = {
			isa = PBXGroup;
			children = (
				478DE77C2B609A2A000544C9 /* calculadorarendafixa.app */,
			);
			name = Products;
			sourceTree = "<group>";
		};
		478DE77E2B609A2A000544C9 /* calculadorarendafixa */ = {
			isa = PBXGroup;
			children = (
				4770CEB72BFA5DC400043B04 /* Services */,
				476E5EF52B97F917004A8DC7 /* Controls */,
				4761A6E12B85877500F9EFC2 /* Enums */,
				478DE7952B609A78000544C9 /* Controller */,
				478DE7942B609A66000544C9 /* Model */,
				478DE7932B609A58000544C9 /* View */,
				478DE77F2B609A2A000544C9 /* AppDelegate.swift */,
				478DE7812B609A2A000544C9 /* SceneDelegate.swift */,
				478DE7852B609A2A000544C9 /* Main.storyboard */,
				478DE7882B609A2E000544C9 /* Assets.xcassets */,
				478DE78A2B609A2E000544C9 /* LaunchScreen.storyboard */,
				478DE78D2B609A2E000544C9 /* Info.plist */,
				478644072B730C1200548B4A /* HttpHelper.swift */,
			);
			path = calculadorarendafixa;
			sourceTree = "<group>";
		};
		478DE7932B609A58000544C9 /* View */ = {
			isa = PBXGroup;
			children = (
			);
			path = View;
			sourceTree = "<group>";
		};
		478DE7942B609A66000544C9 /* Model */ = {
			isa = PBXGroup;
			children = (
				478644092B730E8400548B4A /* ResponseData.swift */,
				4786440B2B730F1200548B4A /* Results.swift */,
				4761A6DF2B857D6400F9EFC2 /* SimulacaoInvestimento.swift */,
			);
			path = Model;
			sourceTree = "<group>";
		};
		478DE7952B609A78000544C9 /* Controller */ = {
			isa = PBXGroup;
			children = (
				478DE7832B609A2A000544C9 /* ViewController.swift */,
				47865EEE2B69D4C700EF84A9 /* ResultadoController.swift */,
				478644052B730A8D00548B4A /* CalculoViewController.swift */,
			);
			path = Controller;
			sourceTree = "<group>";
		};
/* End PBXGroup section */

/* Begin PBXNativeTarget section */
		478DE77B2B609A2A000544C9 /* calculadorarendafixa */ = {
			isa = PBXNativeTarget;
			buildConfigurationList = 478DE7902B609A2E000544C9 /* Build configuration list for PBXNativeTarget "calculadorarendafixa" */;
			buildPhases = (
				478DE7782B609A2A000544C9 /* Sources */,
				478DE7792B609A2A000544C9 /* Frameworks */,
				478DE77A2B609A2A000544C9 /* Resources */,
			);
			buildRules = (
			);
			dependencies = (
			);
			name = calculadorarendafixa;
			productName = calculadorarendafixa;
			productReference = 478DE77C2B609A2A000544C9 /* calculadorarendafixa.app */;
			productType = "com.apple.product-type.application";
		};
/* End PBXNativeTarget section */

/* Begin PBXProject section */
		478DE7742B609A2A000544C9 /* Project object */ = {
			isa = PBXProject;
			attributes = {
				BuildIndependentTargetsInParallel = 1;
				LastSwiftUpdateCheck = 1310;
				LastUpgradeCheck = 1310;
				TargetAttributes = {
					478DE77B2B609A2A000544C9 = {
						CreatedOnToolsVersion = 13.1;
					};
				};
			};
			buildConfigurationList = 478DE7772B609A2A000544C9 /* Build configuration list for PBXProject "calculadorarendafixa" */;
			compatibilityVersion = "Xcode 13.0";
			developmentRegion = en;
			hasScannedForEncodings = 0;
			knownRegions = (
				en,
				Base,
			);
			mainGroup = 478DE7732B609A2A000544C9;
			productRefGroup = 478DE77D2B609A2A000544C9 /* Products */;
			projectDirPath = "";
			projectRoot = "";
			targets = (
				478DE77B2B609A2A000544C9 /* calculadorarendafixa */,
			);
		};
/* End PBXProject section */

/* Begin PBXResourcesBuildPhase section */
		478DE77A2B609A2A000544C9 /* Resources */ = {
			isa = PBXResourcesBuildPhase;
			buildActionMask = 2147483647;
			files = (
				478DE78C2B609A2E000544C9 /* LaunchScreen.storyboard in Resources */,
				478DE7892B609A2E000544C9 /* Assets.xcassets in Resources */,
				478DE7872B609A2A000544C9 /* Main.storyboard in Resources */,
			);
			runOnlyForDeploymentPostprocessing = 0;
		};
/* End PBXResourcesBuildPhase section */

/* Begin PBXSourcesBuildPhase section */
		478DE7782B609A2A000544C9 /* Sources */ = {
			isa = PBXSourcesBuildPhase;
			buildActionMask = 2147483647;
			files = (
				476254E32B9AA95F00626520 /* CustomTextView.swift in Sources */,
				478DE7842B609A2A000544C9 /* ViewController.swift in Sources */,
				4786440A2B730E8400548B4A /* ResponseData.swift in Sources */,
				4786440C2B730F1200548B4A /* Results.swift in Sources */,
				478DE7802B609A2A000544C9 /* AppDelegate.swift in Sources */,
				4770CEB92BFA5DE000043B04 /* CDIService.swift in Sources */,
				4761A6E02B857D6400F9EFC2 /* SimulacaoInvestimento.swift in Sources */,
				478644062B730A8E00548B4A /* CalculoViewController.swift in Sources */,
				478DE7822B609A2A000544C9 /* SceneDelegate.swift in Sources */,
				47865EEF2B69D4C700EF84A9 /* ResultadoController.swift in Sources */,
				476E5EF72B97F95A004A8DC7 /* CircularButton.swift in Sources */,
				47C837962C06BAE6001E2C33 /* CustomPageControl.swift in Sources */,
				4770CEB62BFA5D6B00043B04 /* CDIProtocol.swift in Sources */,
				476254E12B9AA70F00626520 /* Frame.swift in Sources */,
				478644082B730C1200548B4A /* HttpHelper.swift in Sources */,
				4761A6E32B85879800F9EFC2 /* Erros.swift in Sources */,
			);
			runOnlyForDeploymentPostprocessing = 0;
		};
/* End PBXSourcesBuildPhase section */

/* Begin PBXVariantGroup section */
		478DE7852B609A2A000544C9 /* Main.storyboard */ = {
			isa = PBXVariantGroup;
			children = (
				478DE7862B609A2A000544C9 /* Base */,
			);
			name = Main.storyboard;
			sourceTree = "<group>";
		};
		478DE78A2B609A2E000544C9 /* LaunchScreen.storyboard */ = {
			isa = PBXVariantGroup;
			children = (
				478DE78B2B609A2E000544C9 /* Base */,
			);
			name = LaunchScreen.storyboard;
			sourceTree = "<group>";
		};
/* End PBXVariantGroup section */

/* Begin XCBuildConfiguration section */
		478DE78E2B609A2E000544C9 /* Debug */ = {
			isa = XCBuildConfiguration;
			buildSettings = {
				ALWAYS_SEARCH_USER_PATHS = NO;
				CLANG_ANALYZER_NONNULL = YES;
				CLANG_ANALYZER_NUMBER_OBJECT_CONVERSION = YES_AGGRESSIVE;
				CLANG_CXX_LANGUAGE_STANDARD = "gnu++17";
				CLANG_CXX_LIBRARY = "libc++";
				CLANG_ENABLE_MODULES = YES;
				CLANG_ENABLE_OBJC_ARC = YES;
				CLANG_ENABLE_OBJC_WEAK = YES;
				CLANG_WARN_BLOCK_CAPTURE_AUTORELEASING = YES;
				CLANG_WARN_BOOL_CONVERSION = YES;
				CLANG_WARN_COMMA = YES;
				CLANG_WARN_CONSTANT_CONVERSION = YES;
				CLANG_WARN_DEPRECATED_OBJC_IMPLEMENTATIONS = YES;
				CLANG_WARN_DIRECT_OBJC_ISA_USAGE = YES_ERROR;
				CLANG_WARN_DOCUMENTATION_COMMENTS = YES;
				CLANG_WARN_EMPTY_BODY = YES;
				CLANG_WARN_ENUM_CONVERSION = YES;
				CLANG_WARN_INFINITE_RECURSION = YES;
				CLANG_WARN_INT_CONVERSION = YES;
				CLANG_WARN_NON_LITERAL_NULL_CONVERSION = YES;
				CLANG_WARN_OBJC_IMPLICIT_RETAIN_SELF = YES;
				CLANG_WARN_OBJC_LITERAL_CONVERSION = YES;
				CLANG_WARN_OBJC_ROOT_CLASS = YES_ERROR;
				CLANG_WARN_QUOTED_INCLUDE_IN_FRAMEWORK_HEADER = YES;
				CLANG_WARN_RANGE_LOOP_ANALYSIS = YES;
				CLANG_WARN_STRICT_PROTOTYPES = YES;
				CLANG_WARN_SUSPICIOUS_MOVE = YES;
				CLANG_WARN_UNGUARDED_AVAILABILITY = YES_AGGRESSIVE;
				CLANG_WARN_UNREACHABLE_CODE = YES;
				CLANG_WARN__DUPLICATE_METHOD_MATCH = YES;
				COPY_PHASE_STRIP = NO;
				DEBUG_INFORMATION_FORMAT = dwarf;
				ENABLE_STRICT_OBJC_MSGSEND = YES;
				ENABLE_TESTABILITY = YES;
				GCC_C_LANGUAGE_STANDARD = gnu11;
				GCC_DYNAMIC_NO_PIC = NO;
				GCC_NO_COMMON_BLOCKS = YES;
				GCC_OPTIMIZATION_LEVEL = 0;
				GCC_PREPROCESSOR_DEFINITIONS = (
					"DEBUG=1",
					"$(inherited)",
				);
				GCC_WARN_64_TO_32_BIT_CONVERSION = YES;
				GCC_WARN_ABOUT_RETURN_TYPE = YES_ERROR;
				GCC_WARN_UNDECLARED_SELECTOR = YES;
				GCC_WARN_UNINITIALIZED_AUTOS = YES_AGGRESSIVE;
				GCC_WARN_UNUSED_FUNCTION = YES;
				GCC_WARN_UNUSED_VARIABLE = YES;
				IPHONEOS_DEPLOYMENT_TARGET = 15.0;
				MTL_ENABLE_DEBUG_INFO = INCLUDE_SOURCE;
				MTL_FAST_MATH = YES;
				ONLY_ACTIVE_ARCH = YES;
				SDKROOT = iphoneos;
				SWIFT_ACTIVE_COMPILATION_CONDITIONS = DEBUG;
				SWIFT_OPTIMIZATION_LEVEL = "-Onone";
			};
			name = Debug;
		};
		478DE78F2B609A2E000544C9 /* Release */ = {
			isa = XCBuildConfiguration;
			buildSettings = {
				ALWAYS_SEARCH_USER_PATHS = NO;
				CLANG_ANALYZER_NONNULL = YES;
				CLANG_ANALYZER_NUMBER_OBJECT_CONVERSION = YES_AGGRESSIVE;
				CLANG_CXX_LANGUAGE_STANDARD = "gnu++17";
				CLANG_CXX_LIBRARY = "libc++";
				CLANG_ENABLE_MODULES = YES;
				CLANG_ENABLE_OBJC_ARC = YES;
				CLANG_ENABLE_OBJC_WEAK = YES;
				CLANG_WARN_BLOCK_CAPTURE_AUTORELEASING = YES;
				CLANG_WARN_BOOL_CONVERSION = YES;
				CLANG_WARN_COMMA = YES;
				CLANG_WARN_CONSTANT_CONVERSION = YES;
				CLANG_WARN_DEPRECATED_OBJC_IMPLEMENTATIONS = YES;
				CLANG_WARN_DIRECT_OBJC_ISA_USAGE = YES_ERROR;
				CLANG_WARN_DOCUMENTATION_COMMENTS = YES;
				CLANG_WARN_EMPTY_BODY = YES;
				CLANG_WARN_ENUM_CONVERSION = YES;
				CLANG_WARN_INFINITE_RECURSION = YES;
				CLANG_WARN_INT_CONVERSION = YES;
				CLANG_WARN_NON_LITERAL_NULL_CONVERSION = YES;
				CLANG_WARN_OBJC_IMPLICIT_RETAIN_SELF = YES;
				CLANG_WARN_OBJC_LITERAL_CONVERSION = YES;
				CLANG_WARN_OBJC_ROOT_CLASS = YES_ERROR;
				CLANG_WARN_QUOTED_INCLUDE_IN_FRAMEWORK_HEADER = YES;
				CLANG_WARN_RANGE_LOOP_ANALYSIS = YES;
				CLANG_WARN_STRICT_PROTOTYPES = YES;
				CLANG_WARN_SUSPICIOUS_MOVE = YES;
				CLANG_WARN_UNGUARDED_AVAILABILITY = YES_AGGRESSIVE;
				CLANG_WARN_UNREACHABLE_CODE = YES;
				CLANG_WARN__DUPLICATE_METHOD_MATCH = YES;
				COPY_PHASE_STRIP = NO;
				DEBUG_INFORMATION_FORMAT = "dwarf-with-dsym";
				ENABLE_NS_ASSERTIONS = NO;
				ENABLE_STRICT_OBJC_MSGSEND = YES;
				GCC_C_LANGUAGE_STANDARD = gnu11;
				GCC_NO_COMMON_BLOCKS = YES;
				GCC_WARN_64_TO_32_BIT_CONVERSION = YES;
				GCC_WARN_ABOUT_RETURN_TYPE = YES_ERROR;
				GCC_WARN_UNDECLARED_SELECTOR = YES;
				GCC_WARN_UNINITIALIZED_AUTOS = YES_AGGRESSIVE;
				GCC_WARN_UNUSED_FUNCTION = YES;
				GCC_WARN_UNUSED_VARIABLE = YES;
				IPHONEOS_DEPLOYMENT_TARGET = 15.0;
				MTL_ENABLE_DEBUG_INFO = NO;
				MTL_FAST_MATH = YES;
				SDKROOT = iphoneos;
				SWIFT_COMPILATION_MODE = wholemodule;
				SWIFT_OPTIMIZATION_LEVEL = "-O";
				VALIDATE_PRODUCT = YES;
			};
			name = Release;
		};
		478DE7912B609A2E000544C9 /* Debug */ = {
			isa = XCBuildConfiguration;
			buildSettings = {
				ASSETCATALOG_COMPILER_APPICON_NAME = AppIcon;
				ASSETCATALOG_COMPILER_GLOBAL_ACCENT_COLOR_NAME = AccentColor;
				CODE_SIGN_STYLE = Automatic;
				CURRENT_PROJECT_VERSION = 1;
				DEVELOPMENT_TEAM = FP5P6ZN238;
				GENERATE_INFOPLIST_FILE = YES;
				INFOPLIST_FILE = calculadorarendafixa/Info.plist;
				INFOPLIST_KEY_UIApplicationSupportsIndirectInputEvents = YES;
				INFOPLIST_KEY_UILaunchStoryboardName = LaunchScreen;
				INFOPLIST_KEY_UIMainStoryboardFile = Main;
				INFOPLIST_KEY_UISupportedInterfaceOrientations_iPad = "UIInterfaceOrientationPortrait UIInterfaceOrientationPortraitUpsideDown UIInterfaceOrientationLandscapeLeft UIInterfaceOrientationLandscapeRight";
				INFOPLIST_KEY_UISupportedInterfaceOrientations_iPhone = "UIInterfaceOrientationPortrait UIInterfaceOrientationLandscapeLeft UIInterfaceOrientationLandscapeRight";
				LD_RUNPATH_SEARCH_PATHS = (
					"$(inherited)",
					"@executable_path/Frameworks",
				);
				MARKETING_VERSION = 1.0;
				PRODUCT_BUNDLE_IDENTIFIER = arrayapp.calculadorarendafixa;
				PRODUCT_NAME = "$(TARGET_NAME)";
				SWIFT_EMIT_LOC_STRINGS = YES;
				SWIFT_VERSION = 5.0;
				TARGETED_DEVICE_FAMILY = "1,2";
			};
			name = Debug;
		};
		478DE7922B609A2E000544C9 /* Release */ = {
			isa = XCBuildConfiguration;
			buildSettings = {
				ASSETCATALOG_COMPILER_APPICON_NAME = AppIcon;
				ASSETCATALOG_COMPILER_GLOBAL_ACCENT_COLOR_NAME = AccentColor;
				CODE_SIGN_STYLE = Automatic;
				CURRENT_PROJECT_VERSION = 1;
				DEVELOPMENT_TEAM = FP5P6ZN238;
				GENERATE_INFOPLIST_FILE = YES;
				INFOPLIST_FILE = calculadorarendafixa/Info.plist;
				INFOPLIST_KEY_UIApplicationSupportsIndirectInputEvents = YES;
				INFOPLIST_KEY_UILaunchStoryboardName = LaunchScreen;
				INFOPLIST_KEY_UIMainStoryboardFile = Main;
				INFOPLIST_KEY_UISupportedInterfaceOrientations_iPad = "UIInterfaceOrientationPortrait UIInterfaceOrientationPortraitUpsideDown UIInterfaceOrientationLandscapeLeft UIInterfaceOrientationLandscapeRight";
				INFOPLIST_KEY_UISupportedInterfaceOrientations_iPhone = "UIInterfaceOrientationPortrait UIInterfaceOrientationLandscapeLeft UIInterfaceOrientationLandscapeRight";
				LD_RUNPATH_SEARCH_PATHS = (
					"$(inherited)",
					"@executable_path/Frameworks",
				);
				MARKETING_VERSION = 1.0;
				PRODUCT_BUNDLE_IDENTIFIER = arrayapp.calculadorarendafixa;
				PRODUCT_NAME = "$(TARGET_NAME)";
				SWIFT_EMIT_LOC_STRINGS = YES;
				SWIFT_VERSION = 5.0;
				TARGETED_DEVICE_FAMILY = "1,2";
			};
			name = Release;
		};
/* End XCBuildConfiguration section */

/* Begin XCConfigurationList section */
		478DE7772B609A2A000544C9 /* Build configuration list for PBXProject "calculadorarendafixa" */ = {
			isa = XCConfigurationList;
			buildConfigurations = (
				478DE78E2B609A2E000544C9 /* Debug */,
				478DE78F2B609A2E000544C9 /* Release */,
			);
			defaultConfigurationIsVisible = 0;
			defaultConfigurationName = Release;
		};
		478DE7902B609A2E000544C9 /* Build configuration list for PBXNativeTarget "calculadorarendafixa" */ = {
			isa = XCConfigurationList;
			buildConfigurations = (
				478DE7912B609A2E000544C9 /* Debug */,
				478DE7922B609A2E000544C9 /* Release */,
			);
			defaultConfigurationIsVisible = 0;
			defaultConfigurationName = Release;
		};
/* End XCConfigurationList section */
	};
	rootObject = 478DE7742B609A2A000544C9 /* Project object */;
}
